Microsoft Visual Studio Solution File, Format Version 11.00
# Visual Studio 2008

Project("{AC201E2A-1552-278F-A847-833D6AECE557}") = "Balance Game With Reference", "Assembly-CSharp-firstpass-vs.csproj", "{94306775-C0CA-10AB-89B7-733E012211B8}"
EndProject
Project("{AC201E2A-1552-278F-A847-833D6AECE557}") = "Balance Game With Reference", "Assembly-CSharp-vs.csproj", "{1342BDB1-8D42-3655-EFB2-431B8DB78087}"
EndProject
Project("{AC201E2A-1552-278F-A847-833D6AECE557}") = "Balance Game With Reference", "Assembly-CSharp-Editor-firstpass-vs.csproj", "{E30ACACA-4C7E-2055-AB9B-686D65BBAE24}"
EndProject
Project("{AC201E2A-1552-278F-A847-833D6AECE557}") = "Balance Game With Reference", "Assembly-CSharp-Editor-vs.csproj", "{65C31518-D161-F17D-92F6-3B68840429D8}"
EndProject
Global
	GlobalSection(SolutionConfigurationPlatforms) = preSolution
		Debug|Any CPU = Debug|Any CPU
		Release|Any CPU = Release|Any CPU
	EndGlobalSection
	GlobalSection(ProjectConfigurationPlatforms) = postSolution
		{94306775-C0CA-10AB-89B7-733E012211B8}.Debug|Any CPU.ActiveCfg = Debug|Any CPU
		{94306775-C0CA-10AB-89B7-733E012211B8}.Debug|Any CPU.Build.0 = Debug|Any CPU
		{94306775-C0CA-10AB-89B7-733E012211B8}.Release|Any CPU.ActiveCfg = Release|Any CPU
		{94306775-C0CA-10AB-89B7-733E012211B8}.Release|Any CPU.Build.0 = Release|Any CPU
		{1342BDB1-8D42-3655-EFB2-431B8DB78087}.Debug|Any CPU.ActiveCfg = Debug|Any CPU
		{1342BDB1-8D42-3655-EFB2-431B8DB78087}.Debug|Any CPU.Build.0 = Debug|Any CPU
		{1342BDB1-8D42-3655-EFB2-431B8DB78087}.Release|Any CPU.ActiveCfg = Release|Any CPU
		{1342BDB1-8D42-3655-EFB2-431B8DB78087}.Release|Any CPU.Build.0 = Release|Any CPU
		{E30ACACA-4C7E-2055-AB9B-686D65BBAE24}.Debug|Any CPU.ActiveCfg = Debug|Any CPU
		{E30ACACA-4C7E-2055-AB9B-686D65BBAE24}.Debug|Any CPU.Build.0 = Debug|Any CPU
		{E30ACACA-4C7E-2055-AB9B-686D65BBAE24}.Release|Any CPU.ActiveCfg = Release|Any CPU
		{E30ACACA-4C7E-2055-AB9B-686D65BBAE24}.Release|Any CPU.Build.0 = Release|Any CPU
		{65C31518-D161-F17D-92F6-3B68840429D8}.Debug|Any CPU.ActiveCfg = Debug|Any CPU
		{65C31518-D161-F17D-92F6-3B68840429D8}.Debug|Any CPU.Build.0 = Debug|Any CPU
		{65C31518-D161-F17D-92F6-3B68840429D8}.Release|Any CPU.ActiveCfg = Release|Any CPU
		{65C31518-D161-F17D-92F6-3B68840429D8}.Release|Any CPU.Build.0 = Release|Any CPU
	EndGlobalSection
	GlobalSection(SolutionProperties) = preSolution
		HideSolutionNode = FALSE
	EndGlobalSection
																									GlobalSection(MonoDevelopProperties) = preSolution
		StartupItem = Assembly-CSharp.csproj
		Policies = $0
		$0.TextStylePolicy = $1
		$1.inheritsSet = null
		$1.scope = text/x-csharp
		$0.CSharpFormattingPolicy = $2
		$2.inheritsSet = Mono
		$2.inheritsScope = text/x-csharp
		$2.scope = text/x-csharp
		$0.TextStylePolicy = $3
		$3.FileWidth = 120
		$3.TabWidth = 4
		$3.IndentWidth = 4
		$3.EolMarker = Unix
		$3.inheritsSet = Mono
		$3.inheritsScope = text/plain
		$3.scope = text/plain
	EndGlobalSection

EndGlobal
